
Microsoft Visual Studio Solution File, Format Version 12.00
Project("{2150E333-8FDC-42A3-9474-1A3956D46DE8}") = "src", "src", "{C01500DC-CE50-4901-B37D-849F2ABF89F5}"
EndProject
Project("{FAE04EC0-301F-11D3-BF4B-00C04F79EFBC}") = "Habit.Api", "src\Habit.Api\Habit.Api.csproj", "{027862DA-CF39-4499-926A-3ED436750A07}"
EndProject
Project("{FAE04EC0-301F-11D3-BF4B-00C04F79EFBC}") = "Habit.Application", "src\Habit.Application\Habit.Application.csproj", "{BD602828-CCCB-4BDD-9FC4-19254DDF08B1}"
EndProject
Project("{FAE04EC0-301F-11D3-BF4B-00C04F79EFBC}") = "Habit.Domain", "src\Habit.Domain\Habit.Domain.csproj", "{48DFE6C1-DAD3-4DB7-8704-80F60456E531}"
EndProject
Project("{FAE04EC0-301F-11D3-BF4B-00C04F79EFBC}") = "Habit.Infrastructure", "src\Habit.Infrastructure\Habit.Infrastructure.csproj", "{AADA5051-94F1-4437-91DA-49F59341EFF8}"
EndProject
Project("{2150E333-8FDC-42A3-9474-1A3956D46DE8}") = "Modules", "Modules", "{CF015EEA-8A4D-41F8-8260-5426913E3423}"
EndProject
Project("{2150E333-8FDC-42A3-9474-1A3956D46DE8}") = "Users", "Users", "{309DFEFD-60E5-49B0-A809-0297080049C2}"
EndProject
Project("{2150E333-8FDC-42A3-9474-1A3956D46DE8}") = "FileStorage", "FileStorage", "{91674FE6-0D3D-43C6-8133-C274DE2FECEC}"
EndProject
Project("{2150E333-8FDC-42A3-9474-1A3956D46DE8}") = "Notifications", "Notifications", "{E324F4AC-254A-4D3C-BF74-937C12AF9CCC}"
EndProject
Project("{2150E333-8FDC-42A3-9474-1A3956D46DE8}") = "Habits", "Habits", "{292D454F-6E40-4EF9-BAE9-3F9136DC0358}"
EndProject
Project("{FAE04EC0-301F-11D3-BF4B-00C04F79EFBC}") = "Users.Domain", "src\modules\users\Users.Domain\Users.Domain.csproj", "{0B618490-B820-4EDB-88D7-DFDF67C7E570}"
EndProject
Project("{FAE04EC0-301F-11D3-BF4B-00C04F79EFBC}") = "Users.Application", "src\modules\users\Users.Application\Users.Application.csproj", "{0332A3D0-1791-4C20-B142-B454B871CA98}"
EndProject
Project("{FAE04EC0-301F-11D3-BF4B-00C04F79EFBC}") = "Notifications.Application", "src\modules\notifications\Notifications.Application\Notifications.Application.csproj", "{D0DC87EE-2CE2-427E-9F89-69235DFED3E7}"
EndProject
Project("{FAE04EC0-301F-11D3-BF4B-00C04F79EFBC}") = "FileStorage.Application", "src\modules\file-storage\FileStorage.Application\FileStorage.Application.csproj", "{BE1B809A-0068-480B-B920-61B3166BA754}"
EndProject
Project("{FAE04EC0-301F-11D3-BF4B-00C04F79EFBC}") = "Habits.Domain", "src\modules\habits\Habits.Domain\Habits.Domain.csproj", "{1120DFAE-8D07-43AD-90B0-9216EFD6EB2D}"
EndProject
Project("{FAE04EC0-301F-11D3-BF4B-00C04F79EFBC}") = "Habits.Application", "src\modules\habits\Habits.Application\Habits.Application.csproj", "{C5B42B6F-8FD3-421A-8D2F-5022E688CD2D}"
EndProject
Project("{2150E333-8FDC-42A3-9474-1A3956D46DE8}") = "BuildingBlocks", "BuildingBlocks", "{255CDD46-DCA6-4CCA-8627-303F9538BA26}"
EndProject
Project("{FAE04EC0-301F-11D3-BF4B-00C04F79EFBC}") = "BuildingBlocks.Entity", "src\BuildingBlocks.Entity\BuildingBlocks.Entity.csproj", "{D04D666A-8516-4E3C-B689-977AA9878040}"
EndProject
Global
	GlobalSection(SolutionConfigurationPlatforms) = preSolution
		Debug|Any CPU = Debug|Any CPU
		Release|Any CPU = Release|Any CPU
	EndGlobalSection
	GlobalSection(ProjectConfigurationPlatforms) = postSolution
		{027862DA-CF39-4499-926A-3ED436750A07}.Debug|Any CPU.ActiveCfg = Debug|Any CPU
		{027862DA-CF39-4499-926A-3ED436750A07}.Debug|Any CPU.Build.0 = Debug|Any CPU
		{027862DA-CF39-4499-926A-3ED436750A07}.Release|Any CPU.ActiveCfg = Release|Any CPU
		{027862DA-CF39-4499-926A-3ED436750A07}.Release|Any CPU.Build.0 = Release|Any CPU
		{BD602828-CCCB-4BDD-9FC4-19254DDF08B1}.Debug|Any CPU.ActiveCfg = Debug|Any CPU
		{BD602828-CCCB-4BDD-9FC4-19254DDF08B1}.Debug|Any CPU.Build.0 = Debug|Any CPU
		{BD602828-CCCB-4BDD-9FC4-19254DDF08B1}.Release|Any CPU.ActiveCfg = Release|Any CPU
		{BD602828-CCCB-4BDD-9FC4-19254DDF08B1}.Release|Any CPU.Build.0 = Release|Any CPU
		{48DFE6C1-DAD3-4DB7-8704-80F60456E531}.Debug|Any CPU.ActiveCfg = Debug|Any CPU
		{48DFE6C1-DAD3-4DB7-8704-80F60456E531}.Debug|Any CPU.Build.0 = Debug|Any CPU
		{48DFE6C1-DAD3-4DB7-8704-80F60456E531}.Release|Any CPU.ActiveCfg = Release|Any CPU
		{48DFE6C1-DAD3-4DB7-8704-80F60456E531}.Release|Any CPU.Build.0 = Release|Any CPU
		{AADA5051-94F1-4437-91DA-49F59341EFF8}.Debug|Any CPU.ActiveCfg = Debug|Any CPU
		{AADA5051-94F1-4437-91DA-49F59341EFF8}.Debug|Any CPU.Build.0 = Debug|Any CPU
		{AADA5051-94F1-4437-91DA-49F59341EFF8}.Release|Any CPU.ActiveCfg = Release|Any CPU
		{AADA5051-94F1-4437-91DA-49F59341EFF8}.Release|Any CPU.Build.0 = Release|Any CPU
		{0B618490-B820-4EDB-88D7-DFDF67C7E570}.Debug|Any CPU.ActiveCfg = Debug|Any CPU
		{0B618490-B820-4EDB-88D7-DFDF67C7E570}.Debug|Any CPU.Build.0 = Debug|Any CPU
		{0B618490-B820-4EDB-88D7-DFDF67C7E570}.Release|Any CPU.ActiveCfg = Release|Any CPU
		{0B618490-B820-4EDB-88D7-DFDF67C7E570}.Release|Any CPU.Build.0 = Release|Any CPU
		{0332A3D0-1791-4C20-B142-B454B871CA98}.Debug|Any CPU.ActiveCfg = Debug|Any CPU
		{0332A3D0-1791-4C20-B142-B454B871CA98}.Debug|Any CPU.Build.0 = Debug|Any CPU
		{0332A3D0-1791-4C20-B142-B454B871CA98}.Release|Any CPU.ActiveCfg = Release|Any CPU
		{0332A3D0-1791-4C20-B142-B454B871CA98}.Release|Any CPU.Build.0 = Release|Any CPU
		{D0DC87EE-2CE2-427E-9F89-69235DFED3E7}.Debug|Any CPU.ActiveCfg = Debug|Any CPU
		{D0DC87EE-2CE2-427E-9F89-69235DFED3E7}.Debug|Any CPU.Build.0 = Debug|Any CPU
		{D0DC87EE-2CE2-427E-9F89-69235DFED3E7}.Release|Any CPU.ActiveCfg = Release|Any CPU
		{D0DC87EE-2CE2-427E-9F89-69235DFED3E7}.Release|Any CPU.Build.0 = Release|Any CPU
		{BE1B809A-0068-480B-B920-61B3166BA754}.Debug|Any CPU.ActiveCfg = Debug|Any CPU
		{BE1B809A-0068-480B-B920-61B3166BA754}.Debug|Any CPU.Build.0 = Debug|Any CPU
		{BE1B809A-0068-480B-B920-61B3166BA754}.Release|Any CPU.ActiveCfg = Release|Any CPU
		{BE1B809A-0068-480B-B920-61B3166BA754}.Release|Any CPU.Build.0 = Release|Any CPU
		{1120DFAE-8D07-43AD-90B0-9216EFD6EB2D}.Debug|Any CPU.ActiveCfg = Debug|Any CPU
		{1120DFAE-8D07-43AD-90B0-9216EFD6EB2D}.Debug|Any CPU.Build.0 = Debug|Any CPU
		{1120DFAE-8D07-43AD-90B0-9216EFD6EB2D}.Release|Any CPU.ActiveCfg = Release|Any CPU
		{1120DFAE-8D07-43AD-90B0-9216EFD6EB2D}.Release|Any CPU.Build.0 = Release|Any CPU
		{C5B42B6F-8FD3-421A-8D2F-5022E688CD2D}.Debug|Any CPU.ActiveCfg = Debug|Any CPU
		{C5B42B6F-8FD3-421A-8D2F-5022E688CD2D}.Debug|Any CPU.Build.0 = Debug|Any CPU
		{C5B42B6F-8FD3-421A-8D2F-5022E688CD2D}.Release|Any CPU.ActiveCfg = Release|Any CPU
		{C5B42B6F-8FD3-421A-8D2F-5022E688CD2D}.Release|Any CPU.Build.0 = Release|Any CPU
		{D04D666A-8516-4E3C-B689-977AA9878040}.Debug|Any CPU.ActiveCfg = Debug|Any CPU
		{D04D666A-8516-4E3C-B689-977AA9878040}.Debug|Any CPU.Build.0 = Debug|Any CPU
		{D04D666A-8516-4E3C-B689-977AA9878040}.Release|Any CPU.ActiveCfg = Release|Any CPU
		{D04D666A-8516-4E3C-B689-977AA9878040}.Release|Any CPU.Build.0 = Release|Any CPU
	EndGlobalSection
	GlobalSection(NestedProjects) = preSolution
		{027862DA-CF39-4499-926A-3ED436750A07} = {C01500DC-CE50-4901-B37D-849F2ABF89F5}
		{BD602828-CCCB-4BDD-9FC4-19254DDF08B1} = {C01500DC-CE50-4901-B37D-849F2ABF89F5}
		{48DFE6C1-DAD3-4DB7-8704-80F60456E531} = {C01500DC-CE50-4901-B37D-849F2ABF89F5}
		{AADA5051-94F1-4437-91DA-49F59341EFF8} = {C01500DC-CE50-4901-B37D-849F2ABF89F5}
		{CF015EEA-8A4D-41F8-8260-5426913E3423} = {C01500DC-CE50-4901-B37D-849F2ABF89F5}
		{309DFEFD-60E5-49B0-A809-0297080049C2} = {CF015EEA-8A4D-41F8-8260-5426913E3423}
		{91674FE6-0D3D-43C6-8133-C274DE2FECEC} = {CF015EEA-8A4D-41F8-8260-5426913E3423}
		{E324F4AC-254A-4D3C-BF74-937C12AF9CCC} = {CF015EEA-8A4D-41F8-8260-5426913E3423}
		{292D454F-6E40-4EF9-BAE9-3F9136DC0358} = {CF015EEA-8A4D-41F8-8260-5426913E3423}
		{0B618490-B820-4EDB-88D7-DFDF67C7E570} = {309DFEFD-60E5-49B0-A809-0297080049C2}
		{0332A3D0-1791-4C20-B142-B454B871CA98} = {309DFEFD-60E5-49B0-A809-0297080049C2}
		{D0DC87EE-2CE2-427E-9F89-69235DFED3E7} = {E324F4AC-254A-4D3C-BF74-937C12AF9CCC}
		{BE1B809A-0068-480B-B920-61B3166BA754} = {91674FE6-0D3D-43C6-8133-C274DE2FECEC}
		{1120DFAE-8D07-43AD-90B0-9216EFD6EB2D} = {292D454F-6E40-4EF9-BAE9-3F9136DC0358}
		{C5B42B6F-8FD3-421A-8D2F-5022E688CD2D} = {292D454F-6E40-4EF9-BAE9-3F9136DC0358}
		{255CDD46-DCA6-4CCA-8627-303F9538BA26} = {C01500DC-CE50-4901-B37D-849F2ABF89F5}
		{D04D666A-8516-4E3C-B689-977AA9878040} = {255CDD46-DCA6-4CCA-8627-303F9538BA26}
	EndGlobalSection
EndGlobal
