
Microsoft Visual Studio Solution File, Format Version 12.00
Project("{2150E333-8FDC-42A3-9474-1A3956D46DE8}") = "src", "src", "{C01500DC-CE50-4901-B37D-849F2ABF89F5}"
EndProject
Project("{FAE04EC0-301F-11D3-BF4B-00C04F79EFBC}") = "Habit.Domain", "src\Habit.Domain\Habit.Domain.csproj", "{48DFE6C1-DAD3-4DB7-8704-80F60456E531}"
EndProject
Project("{2150E333-8FDC-42A3-9474-1A3956D46DE8}") = "Modules", "Modules", "{CF015EEA-8A4D-41F8-8260-5426913E3423}"
EndProject
Project("{2150E333-8FDC-42A3-9474-1A3956D46DE8}") = "Users", "Users", "{309DFEFD-60E5-49B0-A809-0297080049C2}"
EndProject
Project("{2150E333-8FDC-42A3-9474-1A3956D46DE8}") = "FileStorage", "FileStorage", "{91674FE6-0D3D-43C6-8133-C274DE2FECEC}"
EndProject
Project("{2150E333-8FDC-42A3-9474-1A3956D46DE8}") = "Notifications", "Notifications", "{E324F4AC-254A-4D3C-BF74-937C12AF9CCC}"
EndProject
Project("{2150E333-8FDC-42A3-9474-1A3956D46DE8}") = "Habits", "Habits", "{292D454F-6E40-4EF9-BAE9-3F9136DC0358}"
EndProject
Project("{FAE04EC0-301F-11D3-BF4B-00C04F79EFBC}") = "Users.Domain", "src\modules\users\Users.Domain\Users.Domain.csproj", "{0B618490-B820-4EDB-88D7-DFDF67C7E570}"
EndProject
Project("{FAE04EC0-301F-11D3-BF4B-00C04F79EFBC}") = "Users.Application", "src\modules\users\Users.Application\Users.Application.csproj", "{0332A3D0-1791-4C20-B142-B454B871CA98}"
EndProject
Project("{FAE04EC0-301F-11D3-BF4B-00C04F79EFBC}") = "Notifications.Application", "src\modules\notifications\Notifications.Application\Notifications.Application.csproj", "{D0DC87EE-2CE2-427E-9F89-69235DFED3E7}"
EndProject
Project("{FAE04EC0-301F-11D3-BF4B-00C04F79EFBC}") = "FileStorage.Application", "src\modules\file-storage\FileStorage.Application\FileStorage.Application.csproj", "{BE1B809A-0068-480B-B920-61B3166BA754}"
EndProject
Project("{FAE04EC0-301F-11D3-BF4B-00C04F79EFBC}") = "Habits.Domain", "src\modules\habits\Habits.Domain\Habits.Domain.csproj", "{1120DFAE-8D07-43AD-90B0-9216EFD6EB2D}"
EndProject
Project("{FAE04EC0-301F-11D3-BF4B-00C04F79EFBC}") = "Habits.Application", "src\modules\habits\Habits.Application\Habits.Application.csproj", "{C5B42B6F-8FD3-421A-8D2F-5022E688CD2D}"
EndProject
Project("{2150E333-8FDC-42A3-9474-1A3956D46DE8}") = "BuildingBlocks", "BuildingBlocks", "{255CDD46-DCA6-4CCA-8627-303F9538BA26}"
EndProject
Project("{FAE04EC0-301F-11D3-BF4B-00C04F79EFBC}") = "BuildingBlocks.Entity", "src\building-blocks\BuildingBlocks.Entity\BuildingBlocks.Entity.csproj", "{C7C440F5-AC7B-4940-B081-CEF8846F3A0B}"
EndProject
Project("{FAE04EC0-301F-11D3-BF4B-00C04F79EFBC}") = "BuildingBlocks.Validation", "src\building-blocks\BuildingBlocks.Validation\BuildingBlocks.Validation.csproj", "{61532494-69B8-4BE2-A6D2-60DEF899FF04}"
EndProject
Project("{FAE04EC0-301F-11D3-BF4B-00C04F79EFBC}") = "BuildingBlocks.Errors", "src\building-blocks\BuildingBlocks.Errors\BuildingBlocks.Errors.csproj", "{6BF153E6-D329-40B5-8A50-ECAB7DB8BCBA}"
EndProject
Project("{FAE04EC0-301F-11D3-BF4B-00C04F79EFBC}") = "Users.Endpoints", "src\modules\users\Users.Endpoints\Users.Endpoints.csproj", "{0DF4376A-BA0E-43F7-8D40-2A9051F26C62}"
EndProject
Project("{FAE04EC0-301F-11D3-BF4B-00C04F79EFBC}") = "Habits.Endpoints", "src\modules\habits\Habits.Endpoints\Habits.Endpoints.csproj", "{C74974AD-90D0-4C2C-BFAE-DCD4C609C0C5}"
EndProject
Project("{FAE04EC0-301F-11D3-BF4B-00C04F79EFBC}") = "BuildingBlocks.Presentation", "src\building-blocks\BuildingBlocks.Presentation\BuildingBlocks.Presentation.csproj", "{D991B803-FE58-4930-8FCE-870FC11446C0}"
EndProject
Project("{FAE04EC0-301F-11D3-BF4B-00C04F79EFBC}") = "FileStorage.Endpoints", "src\modules\file-storage\FileStorage.Endpoints\FileStorage.Endpoints.csproj", "{60603818-7B91-4FDB-A107-38269AC2A89E}"
EndProject
Project("{FAE04EC0-301F-11D3-BF4B-00C04F79EFBC}") = "BuildingBlocks.Shared", "src\building-blocks\BuildingBlocks.Shared\BuildingBlocks.Shared.csproj", "{C054185D-F906-40EA-ABB0-1EC9743E8C86}"
EndProject
Project("{FAE04EC0-301F-11D3-BF4B-00C04F79EFBC}") = "FileStorage.Infrastructure", "src\modules\file-storage\FileStorage.Infrastructure\FileStorage.Infrastructure.csproj", "{B2257754-FB7B-4FEC-8951-B97077387FDE}"
EndProject
Project("{FAE04EC0-301F-11D3-BF4B-00C04F79EFBC}") = "App", "src\App\App.csproj", "{688C2160-79FF-4148-8079-359AF96C999F}"
EndProject
Project("{FAE04EC0-301F-11D3-BF4B-00C04F79EFBC}") = "BuildingBlocks.IntegrationEvents", "src\building-blocks\BuildingBlocks.IntegrationEvents\BuildingBlocks.IntegrationEvents.csproj", "{942A91A6-6DA2-4D66-9AED-F7DC9BE830C5}"
EndProject
Project("{FAE04EC0-301F-11D3-BF4B-00C04F79EFBC}") = "Notifications.Infrastructure", "src\modules\notifications\Notifications.Infrastructure\Notifications.Infrastructure.csproj", "{3ED318AA-A005-4E27-9C63-804C8D795978}"
EndProject
Project("{FAE04EC0-301F-11D3-BF4B-00C04F79EFBC}") = "Habits.Infrastructure", "src\modules\habits\Habits.Infrastructure\Habits.Infrastructure.csproj", "{6389307D-9CA7-4EC0-84F3-11CC056C1B28}"
EndProject
Project("{FAE04EC0-301F-11D3-BF4B-00C04F79EFBC}") = "Users.Infrastructure", "src\modules\users\Users.Infrastructure\Users.Infrastructure.csproj", "{ADB5DC51-EEC2-48D4-B289-0603D079E887}"
EndProject
Global
	GlobalSection(SolutionConfigurationPlatforms) = preSolution
		Debug|Any CPU = Debug|Any CPU
		Release|Any CPU = Release|Any CPU
	EndGlobalSection
	GlobalSection(ProjectConfigurationPlatforms) = postSolution
		{48DFE6C1-DAD3-4DB7-8704-80F60456E531}.Debug|Any CPU.ActiveCfg = Debug|Any CPU
		{48DFE6C1-DAD3-4DB7-8704-80F60456E531}.Debug|Any CPU.Build.0 = Debug|Any CPU
		{48DFE6C1-DAD3-4DB7-8704-80F60456E531}.Release|Any CPU.ActiveCfg = Release|Any CPU
		{48DFE6C1-DAD3-4DB7-8704-80F60456E531}.Release|Any CPU.Build.0 = Release|Any CPU
		{0B618490-B820-4EDB-88D7-DFDF67C7E570}.Debug|Any CPU.ActiveCfg = Debug|Any CPU
		{0B618490-B820-4EDB-88D7-DFDF67C7E570}.Debug|Any CPU.Build.0 = Debug|Any CPU
		{0B618490-B820-4EDB-88D7-DFDF67C7E570}.Release|Any CPU.ActiveCfg = Release|Any CPU
		{0B618490-B820-4EDB-88D7-DFDF67C7E570}.Release|Any CPU.Build.0 = Release|Any CPU
		{0332A3D0-1791-4C20-B142-B454B871CA98}.Debug|Any CPU.ActiveCfg = Debug|Any CPU
		{0332A3D0-1791-4C20-B142-B454B871CA98}.Debug|Any CPU.Build.0 = Debug|Any CPU
		{0332A3D0-1791-4C20-B142-B454B871CA98}.Release|Any CPU.ActiveCfg = Release|Any CPU
		{0332A3D0-1791-4C20-B142-B454B871CA98}.Release|Any CPU.Build.0 = Release|Any CPU
		{D0DC87EE-2CE2-427E-9F89-69235DFED3E7}.Debug|Any CPU.ActiveCfg = Debug|Any CPU
		{D0DC87EE-2CE2-427E-9F89-69235DFED3E7}.Debug|Any CPU.Build.0 = Debug|Any CPU
		{D0DC87EE-2CE2-427E-9F89-69235DFED3E7}.Release|Any CPU.ActiveCfg = Release|Any CPU
		{D0DC87EE-2CE2-427E-9F89-69235DFED3E7}.Release|Any CPU.Build.0 = Release|Any CPU
		{BE1B809A-0068-480B-B920-61B3166BA754}.Debug|Any CPU.ActiveCfg = Debug|Any CPU
		{BE1B809A-0068-480B-B920-61B3166BA754}.Debug|Any CPU.Build.0 = Debug|Any CPU
		{BE1B809A-0068-480B-B920-61B3166BA754}.Release|Any CPU.ActiveCfg = Release|Any CPU
		{BE1B809A-0068-480B-B920-61B3166BA754}.Release|Any CPU.Build.0 = Release|Any CPU
		{1120DFAE-8D07-43AD-90B0-9216EFD6EB2D}.Debug|Any CPU.ActiveCfg = Debug|Any CPU
		{1120DFAE-8D07-43AD-90B0-9216EFD6EB2D}.Debug|Any CPU.Build.0 = Debug|Any CPU
		{1120DFAE-8D07-43AD-90B0-9216EFD6EB2D}.Release|Any CPU.ActiveCfg = Release|Any CPU
		{1120DFAE-8D07-43AD-90B0-9216EFD6EB2D}.Release|Any CPU.Build.0 = Release|Any CPU
		{C5B42B6F-8FD3-421A-8D2F-5022E688CD2D}.Debug|Any CPU.ActiveCfg = Debug|Any CPU
		{C5B42B6F-8FD3-421A-8D2F-5022E688CD2D}.Debug|Any CPU.Build.0 = Debug|Any CPU
		{C5B42B6F-8FD3-421A-8D2F-5022E688CD2D}.Release|Any CPU.ActiveCfg = Release|Any CPU
		{C5B42B6F-8FD3-421A-8D2F-5022E688CD2D}.Release|Any CPU.Build.0 = Release|Any CPU
		{C7C440F5-AC7B-4940-B081-CEF8846F3A0B}.Debug|Any CPU.ActiveCfg = Debug|Any CPU
		{C7C440F5-AC7B-4940-B081-CEF8846F3A0B}.Debug|Any CPU.Build.0 = Debug|Any CPU
		{C7C440F5-AC7B-4940-B081-CEF8846F3A0B}.Release|Any CPU.ActiveCfg = Release|Any CPU
		{C7C440F5-AC7B-4940-B081-CEF8846F3A0B}.Release|Any CPU.Build.0 = Release|Any CPU
		{61532494-69B8-4BE2-A6D2-60DEF899FF04}.Debug|Any CPU.ActiveCfg = Debug|Any CPU
		{61532494-69B8-4BE2-A6D2-60DEF899FF04}.Debug|Any CPU.Build.0 = Debug|Any CPU
		{61532494-69B8-4BE2-A6D2-60DEF899FF04}.Release|Any CPU.ActiveCfg = Release|Any CPU
		{61532494-69B8-4BE2-A6D2-60DEF899FF04}.Release|Any CPU.Build.0 = Release|Any CPU
		{6BF153E6-D329-40B5-8A50-ECAB7DB8BCBA}.Debug|Any CPU.ActiveCfg = Debug|Any CPU
		{6BF153E6-D329-40B5-8A50-ECAB7DB8BCBA}.Debug|Any CPU.Build.0 = Debug|Any CPU
		{6BF153E6-D329-40B5-8A50-ECAB7DB8BCBA}.Release|Any CPU.ActiveCfg = Release|Any CPU
		{6BF153E6-D329-40B5-8A50-ECAB7DB8BCBA}.Release|Any CPU.Build.0 = Release|Any CPU
		{0DF4376A-BA0E-43F7-8D40-2A9051F26C62}.Debug|Any CPU.ActiveCfg = Debug|Any CPU
		{0DF4376A-BA0E-43F7-8D40-2A9051F26C62}.Debug|Any CPU.Build.0 = Debug|Any CPU
		{0DF4376A-BA0E-43F7-8D40-2A9051F26C62}.Release|Any CPU.ActiveCfg = Release|Any CPU
		{0DF4376A-BA0E-43F7-8D40-2A9051F26C62}.Release|Any CPU.Build.0 = Release|Any CPU
		{C74974AD-90D0-4C2C-BFAE-DCD4C609C0C5}.Debug|Any CPU.ActiveCfg = Debug|Any CPU
		{C74974AD-90D0-4C2C-BFAE-DCD4C609C0C5}.Debug|Any CPU.Build.0 = Debug|Any CPU
		{C74974AD-90D0-4C2C-BFAE-DCD4C609C0C5}.Release|Any CPU.ActiveCfg = Release|Any CPU
		{C74974AD-90D0-4C2C-BFAE-DCD4C609C0C5}.Release|Any CPU.Build.0 = Release|Any CPU
		{D991B803-FE58-4930-8FCE-870FC11446C0}.Debug|Any CPU.ActiveCfg = Debug|Any CPU
		{D991B803-FE58-4930-8FCE-870FC11446C0}.Debug|Any CPU.Build.0 = Debug|Any CPU
		{D991B803-FE58-4930-8FCE-870FC11446C0}.Release|Any CPU.ActiveCfg = Release|Any CPU
		{D991B803-FE58-4930-8FCE-870FC11446C0}.Release|Any CPU.Build.0 = Release|Any CPU
		{60603818-7B91-4FDB-A107-38269AC2A89E}.Debug|Any CPU.ActiveCfg = Debug|Any CPU
		{60603818-7B91-4FDB-A107-38269AC2A89E}.Debug|Any CPU.Build.0 = Debug|Any CPU
		{60603818-7B91-4FDB-A107-38269AC2A89E}.Release|Any CPU.ActiveCfg = Release|Any CPU
		{60603818-7B91-4FDB-A107-38269AC2A89E}.Release|Any CPU.Build.0 = Release|Any CPU
		{C054185D-F906-40EA-ABB0-1EC9743E8C86}.Debug|Any CPU.ActiveCfg = Debug|Any CPU
		{C054185D-F906-40EA-ABB0-1EC9743E8C86}.Debug|Any CPU.Build.0 = Debug|Any CPU
		{C054185D-F906-40EA-ABB0-1EC9743E8C86}.Release|Any CPU.ActiveCfg = Release|Any CPU
		{C054185D-F906-40EA-ABB0-1EC9743E8C86}.Release|Any CPU.Build.0 = Release|Any CPU
		{B2257754-FB7B-4FEC-8951-B97077387FDE}.Debug|Any CPU.ActiveCfg = Debug|Any CPU
		{B2257754-FB7B-4FEC-8951-B97077387FDE}.Debug|Any CPU.Build.0 = Debug|Any CPU
		{B2257754-FB7B-4FEC-8951-B97077387FDE}.Release|Any CPU.ActiveCfg = Release|Any CPU
		{B2257754-FB7B-4FEC-8951-B97077387FDE}.Release|Any CPU.Build.0 = Release|Any CPU
		{688C2160-79FF-4148-8079-359AF96C999F}.Debug|Any CPU.ActiveCfg = Debug|Any CPU
		{688C2160-79FF-4148-8079-359AF96C999F}.Debug|Any CPU.Build.0 = Debug|Any CPU
		{688C2160-79FF-4148-8079-359AF96C999F}.Release|Any CPU.ActiveCfg = Release|Any CPU
		{688C2160-79FF-4148-8079-359AF96C999F}.Release|Any CPU.Build.0 = Release|Any CPU
		{942A91A6-6DA2-4D66-9AED-F7DC9BE830C5}.Debug|Any CPU.ActiveCfg = Debug|Any CPU
		{942A91A6-6DA2-4D66-9AED-F7DC9BE830C5}.Debug|Any CPU.Build.0 = Debug|Any CPU
		{942A91A6-6DA2-4D66-9AED-F7DC9BE830C5}.Release|Any CPU.ActiveCfg = Release|Any CPU
		{942A91A6-6DA2-4D66-9AED-F7DC9BE830C5}.Release|Any CPU.Build.0 = Release|Any CPU
		{3ED318AA-A005-4E27-9C63-804C8D795978}.Debug|Any CPU.ActiveCfg = Debug|Any CPU
		{3ED318AA-A005-4E27-9C63-804C8D795978}.Debug|Any CPU.Build.0 = Debug|Any CPU
		{3ED318AA-A005-4E27-9C63-804C8D795978}.Release|Any CPU.ActiveCfg = Release|Any CPU
		{3ED318AA-A005-4E27-9C63-804C8D795978}.Release|Any CPU.Build.0 = Release|Any CPU
		{6389307D-9CA7-4EC0-84F3-11CC056C1B28}.Debug|Any CPU.ActiveCfg = Debug|Any CPU
		{6389307D-9CA7-4EC0-84F3-11CC056C1B28}.Debug|Any CPU.Build.0 = Debug|Any CPU
		{6389307D-9CA7-4EC0-84F3-11CC056C1B28}.Release|Any CPU.ActiveCfg = Release|Any CPU
		{6389307D-9CA7-4EC0-84F3-11CC056C1B28}.Release|Any CPU.Build.0 = Release|Any CPU
		{ADB5DC51-EEC2-48D4-B289-0603D079E887}.Debug|Any CPU.ActiveCfg = Debug|Any CPU
		{ADB5DC51-EEC2-48D4-B289-0603D079E887}.Debug|Any CPU.Build.0 = Debug|Any CPU
		{ADB5DC51-EEC2-48D4-B289-0603D079E887}.Release|Any CPU.ActiveCfg = Release|Any CPU
		{ADB5DC51-EEC2-48D4-B289-0603D079E887}.Release|Any CPU.Build.0 = Release|Any CPU
	EndGlobalSection
	GlobalSection(NestedProjects) = preSolution
		{48DFE6C1-DAD3-4DB7-8704-80F60456E531} = {C01500DC-CE50-4901-B37D-849F2ABF89F5}
		{CF015EEA-8A4D-41F8-8260-5426913E3423} = {C01500DC-CE50-4901-B37D-849F2ABF89F5}
		{309DFEFD-60E5-49B0-A809-0297080049C2} = {CF015EEA-8A4D-41F8-8260-5426913E3423}
		{91674FE6-0D3D-43C6-8133-C274DE2FECEC} = {CF015EEA-8A4D-41F8-8260-5426913E3423}
		{E324F4AC-254A-4D3C-BF74-937C12AF9CCC} = {CF015EEA-8A4D-41F8-8260-5426913E3423}
		{292D454F-6E40-4EF9-BAE9-3F9136DC0358} = {CF015EEA-8A4D-41F8-8260-5426913E3423}
		{0B618490-B820-4EDB-88D7-DFDF67C7E570} = {309DFEFD-60E5-49B0-A809-0297080049C2}
		{0332A3D0-1791-4C20-B142-B454B871CA98} = {309DFEFD-60E5-49B0-A809-0297080049C2}
		{D0DC87EE-2CE2-427E-9F89-69235DFED3E7} = {E324F4AC-254A-4D3C-BF74-937C12AF9CCC}
		{BE1B809A-0068-480B-B920-61B3166BA754} = {91674FE6-0D3D-43C6-8133-C274DE2FECEC}
		{1120DFAE-8D07-43AD-90B0-9216EFD6EB2D} = {292D454F-6E40-4EF9-BAE9-3F9136DC0358}
		{C5B42B6F-8FD3-421A-8D2F-5022E688CD2D} = {292D454F-6E40-4EF9-BAE9-3F9136DC0358}
		{255CDD46-DCA6-4CCA-8627-303F9538BA26} = {C01500DC-CE50-4901-B37D-849F2ABF89F5}
		{C7C440F5-AC7B-4940-B081-CEF8846F3A0B} = {255CDD46-DCA6-4CCA-8627-303F9538BA26}
		{61532494-69B8-4BE2-A6D2-60DEF899FF04} = {255CDD46-DCA6-4CCA-8627-303F9538BA26}
		{6BF153E6-D329-40B5-8A50-ECAB7DB8BCBA} = {255CDD46-DCA6-4CCA-8627-303F9538BA26}
		{0DF4376A-BA0E-43F7-8D40-2A9051F26C62} = {309DFEFD-60E5-49B0-A809-0297080049C2}
		{C74974AD-90D0-4C2C-BFAE-DCD4C609C0C5} = {292D454F-6E40-4EF9-BAE9-3F9136DC0358}
		{D991B803-FE58-4930-8FCE-870FC11446C0} = {255CDD46-DCA6-4CCA-8627-303F9538BA26}
		{60603818-7B91-4FDB-A107-38269AC2A89E} = {91674FE6-0D3D-43C6-8133-C274DE2FECEC}
		{C054185D-F906-40EA-ABB0-1EC9743E8C86} = {255CDD46-DCA6-4CCA-8627-303F9538BA26}
		{B2257754-FB7B-4FEC-8951-B97077387FDE} = {91674FE6-0D3D-43C6-8133-C274DE2FECEC}
		{688C2160-79FF-4148-8079-359AF96C999F} = {C01500DC-CE50-4901-B37D-849F2ABF89F5}
		{942A91A6-6DA2-4D66-9AED-F7DC9BE830C5} = {255CDD46-DCA6-4CCA-8627-303F9538BA26}
		{3ED318AA-A005-4E27-9C63-804C8D795978} = {E324F4AC-254A-4D3C-BF74-937C12AF9CCC}
		{6389307D-9CA7-4EC0-84F3-11CC056C1B28} = {292D454F-6E40-4EF9-BAE9-3F9136DC0358}
		{ADB5DC51-EEC2-48D4-B289-0603D079E887} = {309DFEFD-60E5-49B0-A809-0297080049C2}
	EndGlobalSection
EndGlobal
